
Microsoft Visual Studio Solution File, Format Version 12.00
# Visual Studio 15
Project("{FAE04EC0-301F-11D3-BF4B-00C04F79EFBC}") = "Assembly-CSharp", "Assembly-CSharp.csproj", "{80B8F237-B3B3-5DC2-DA38-5B91312380BE}"
EndProject
Project("{FAE04EC0-301F-11D3-BF4B-00C04F79EFBC}") = "UnityEngine.TestRunner", "UnityEngine.TestRunner.csproj", "{DE44C57B-D89F-72E1-59B0-9C9825BB6E5E}"
EndProject
Project("{FAE04EC0-301F-11D3-BF4B-00C04F79EFBC}") = "Unity.Mathematics", "Unity.Mathematics.csproj", "{F002D0E5-AE81-82D3-CB84-AE48C171C09D}"
EndProject
Project("{FAE04EC0-301F-11D3-BF4B-00C04F79EFBC}") = "Unity.Timeline", "Unity.Timeline.csproj", "{4847FB6E-2B46-3119-8EF5-8417696A001E}"
EndProject
Project("{FAE04EC0-301F-11D3-BF4B-00C04F79EFBC}") = "Unity.Serialization", "Unity.Serialization.csproj", "{01C038C0-9F89-3C03-E694-65D9793F3470}"
EndProject
Project("{FAE04EC0-301F-11D3-BF4B-00C04F79EFBC}") = "Unity.PerformanceTesting", "Unity.PerformanceTesting.csproj", "{B8F2B60C-6728-8683-6EB7-CB8DAA2B077F}"
EndProject
Project("{FAE04EC0-301F-11D3-BF4B-00C04F79EFBC}") = "Unity.Properties", "Unity.Properties.csproj", "{865EF101-E7E9-0FAD-ED30-B0872ECDB48F}"
EndProject
Project("{FAE04EC0-301F-11D3-BF4B-00C04F79EFBC}") = "Unity.TextMeshPro", "Unity.TextMeshPro.csproj", "{F3957992-9AF7-267C-5A5E-3A6F1C1ECA2E}"
EndProject
Project("{FAE04EC0-301F-11D3-BF4B-00C04F79EFBC}") = "Unity.Collections", "Unity.Collections.csproj", "{6FC27257-F9E1-4B11-ACA3-A2AF9F9F1B5F}"
EndProject
Project("{FAE04EC0-301F-11D3-BF4B-00C04F79EFBC}") = "Unity.Burst", "Unity.Burst.csproj", "{903A2D51-4F25-6865-E340-F1C619B31342}"
EndProject
Project("{FAE04EC0-301F-11D3-BF4B-00C04F79EFBC}") = "Unity.InternalAPIEngineBridge.012", "Unity.InternalAPIEngineBridge.012.csproj", "{80FA7381-CC0D-2838-77F8-F4AE39D9817C}"
EndProject
Project("{FAE04EC0-301F-11D3-BF4B-00C04F79EFBC}") = "Unity.2D.Tilemap.Extras", "Unity.2D.Tilemap.Extras.csproj", "{6262ECC6-8F29-293B-8A4B-1CA6EE5CF113}"
EndProject
Project("{FAE04EC0-301F-11D3-BF4B-00C04F79EFBC}") = "Unity.Properties.Reflection", "Unity.Properties.Reflection.csproj", "{57CEE3C2-026C-4E0E-B6D2-588111B5AE0D}"
EndProject
Project("{FAE04EC0-301F-11D3-BF4B-00C04F79EFBC}") = "Unity.Properties.UI", "Unity.Properties.UI.csproj", "{95FA3468-A500-3B3F-3188-D9A868FF9732}"
EndProject
Project("{FAE04EC0-301F-11D3-BF4B-00C04F79EFBC}") = "Unity.Jobs", "Unity.Jobs.csproj", "{81545D54-651E-1231-99CB-FE93CEB1D56E}"
EndProject
Project("{FAE04EC0-301F-11D3-BF4B-00C04F79EFBC}") = "Unity.ScriptableBuildPipeline", "Unity.ScriptableBuildPipeline.csproj", "{D40345B3-1DBF-8816-5DA9-773EC3D30439}"
EndProject
Project("{FAE04EC0-301F-11D3-BF4B-00C04F79EFBC}") = "Unity.2D.PixelPerfect", "Unity.2D.PixelPerfect.csproj", "{FC156B25-CA3F-A417-D689-934860AF9F25}"
EndProject
Project("{FAE04EC0-301F-11D3-BF4B-00C04F79EFBC}") = "Unity.Platforms.Common", "Unity.Platforms.Common.csproj", "{49F94819-EDBA-05C2-01AF-F8F3E531D87A}"
EndProject
Project("{FAE04EC0-301F-11D3-BF4B-00C04F79EFBC}") = "Unity.ScriptableBuildPipeline.Editor", "Unity.ScriptableBuildPipeline.Editor.csproj", "{E53E686B-14D8-AEF1-BEE2-CF5D2DDB525F}"
EndProject
Project("{FAE04EC0-301F-11D3-BF4B-00C04F79EFBC}") = "UnityEditor.TestRunner", "UnityEditor.TestRunner.csproj", "{A2662789-8146-C42D-FE78-6E84D4C5145C}"
EndProject
Project("{FAE04EC0-301F-11D3-BF4B-00C04F79EFBC}") = "Unity.Timeline.Editor", "Unity.Timeline.Editor.csproj", "{1F4BC6E0-30B6-4AA2-3968-C5EB192DC4AE}"
EndProject
Project("{FAE04EC0-301F-11D3-BF4B-00C04F79EFBC}") = "Unity.VisualStudio.Editor", "Unity.VisualStudio.Editor.csproj", "{331ABBF4-14F9-6236-1F34-4C3A1E7404A2}"
EndProject
Project("{FAE04EC0-301F-11D3-BF4B-00C04F79EFBC}") = "Unity.Properties.CodeGen", "Unity.Properties.CodeGen.csproj", "{0AD0D344-0268-FF87-F4E3-8062E482F22F}"
EndProject
Project("{FAE04EC0-301F-11D3-BF4B-00C04F79EFBC}") = "Unity.Build", "Unity.Build.csproj", "{7469BFED-2EBF-7C90-41BD-53C6B08657D4}"
EndProject
Project("{FAE04EC0-301F-11D3-BF4B-00C04F79EFBC}") = "Unity.TextMeshPro.Editor", "Unity.TextMeshPro.Editor.csproj", "{9ABE12FE-22A3-45F9-76E9-B4BD978C6979}"
EndProject
Project("{FAE04EC0-301F-11D3-BF4B-00C04F79EFBC}") = "Unity.Build.Classic.Private", "Unity.Build.Classic.Private.csproj", "{7A04B1B3-BCE3-4D18-74FA-3B4DDE613501}"
EndProject
Project("{FAE04EC0-301F-11D3-BF4B-00C04F79EFBC}") = "Unity.Properties.UI.Editor", "Unity.Properties.UI.Editor.csproj", "{7968F775-6CD3-4162-9E05-306ED95235EC}"
EndProject
Project("{FAE04EC0-301F-11D3-BF4B-00C04F79EFBC}") = "Unity.Build.Desktop.DotsRuntime", "Unity.Build.Desktop.DotsRuntime.csproj", "{35F5E811-E1BC-18B1-BEDE-700195A49B29}"
EndProject
Project("{FAE04EC0-301F-11D3-BF4B-00C04F79EFBC}") = "Unity.Build.DotsRuntime", "Unity.Build.DotsRuntime.csproj", "{EBBA98CD-6F77-93D5-BD2E-BD77311867D5}"
EndProject
Project("{FAE04EC0-301F-11D3-BF4B-00C04F79EFBC}") = "Unity.Rider.Editor", "Unity.Rider.Editor.csproj", "{82A385D4-CE43-7046-2E8C-F19661589603}"
EndProject
Project("{FAE04EC0-301F-11D3-BF4B-00C04F79EFBC}") = "Unity.Collections.BurstCompatibilityGen", "Unity.Collections.BurstCompatibilityGen.csproj", "{60D48D16-F848-F066-0155-D87F390C4060}"
EndProject
Project("{FAE04EC0-301F-11D3-BF4B-00C04F79EFBC}") = "Unity.Build.Internals", "Unity.Build.Internals.csproj", "{22E226D1-70DE-4882-DEFC-926BF7F6921A}"
EndProject
Project("{FAE04EC0-301F-11D3-BF4B-00C04F79EFBC}") = "Unity.PerformanceTesting.Editor", "Unity.PerformanceTesting.Editor.csproj", "{CE9308CD-D6CD-F735-F681-59A8ED708A8D}"
EndProject
Project("{FAE04EC0-301F-11D3-BF4B-00C04F79EFBC}") = "Unity.Build.Web.DotsRuntime", "Unity.Build.Web.DotsRuntime.csproj", "{6ABE0EF9-7269-C6E5-9122-8741AF7B6828}"
EndProject
Project("{FAE04EC0-301F-11D3-BF4B-00C04F79EFBC}") = "Unity.Build.Editor", "Unity.Build.Editor.csproj", "{0ED0C790-6C6D-459D-BC56-E9101E3CDDC1}"
EndProject
Project("{FAE04EC0-301F-11D3-BF4B-00C04F79EFBC}") = "Unity.Build.Linux.Classic", "Unity.Build.Linux.Classic.csproj", "{77AC729A-547B-7897-3ED1-400EB0CAD3A0}"
EndProject
Project("{FAE04EC0-301F-11D3-BF4B-00C04F79EFBC}") = "Unity.Build.Linux.DotsRuntime", "Unity.Build.Linux.DotsRuntime.csproj", "{AFF00F53-43AB-2F97-6AA6-781FE5221267}"
EndProject
Project("{FAE04EC0-301F-11D3-BF4B-00C04F79EFBC}") = "Assembly-CSharp-Editor", "Assembly-CSharp-Editor.csproj", "{AD5F83B1-A948-1DF7-F515-CA26EF0B44E3}"
EndProject
Project("{FAE04EC0-301F-11D3-BF4B-00C04F79EFBC}") = "Unity.Build.Classic", "Unity.Build.Classic.csproj", "{C02D650C-C596-E99E-E257-A3B1F9B8C012}"
EndProject
Project("{FAE04EC0-301F-11D3-BF4B-00C04F79EFBC}") = "Unity.Burst.Editor", "Unity.Burst.Editor.csproj", "{EB9F3866-D48E-2C73-4BCC-C0C6998096CB}"
EndProject
Project("{FAE04EC0-301F-11D3-BF4B-00C04F79EFBC}") = "Unity.SysrootPackage.Editor", "Unity.SysrootPackage.Editor.csproj", "{2EAD2E6D-E446-B02D-BC11-41AFD812BA56}"
EndProject
Project("{FAE04EC0-301F-11D3-BF4B-00C04F79EFBC}") = "Unity.2D.Tilemap.Extras.Editor", "Unity.2D.Tilemap.Extras.Editor.csproj", "{DA2472E1-BF8B-0865-CC09-91229535C804}"
EndProject
Project("{FAE04EC0-301F-11D3-BF4B-00C04F79EFBC}") = "Unity.2D.PixelPerfect.Editor", "Unity.2D.PixelPerfect.Editor.csproj", "{D6FC87A6-7A23-5A33-8E85-116DF3B8A6FB}"
EndProject
Project("{FAE04EC0-301F-11D3-BF4B-00C04F79EFBC}") = "Unity.VSCode.Editor", "Unity.VSCode.Editor.csproj", "{E28F1EDC-A4A0-1F16-18CC-D9F1F2B28C87}"
EndProject
Project("{FAE04EC0-301F-11D3-BF4B-00C04F79EFBC}") = "Unity.Build.Windows.Classic", "Unity.Build.Windows.Classic.csproj", "{DB1B4D75-DE56-6B7B-E30B-DCBEA0D98A18}"
EndProject
Project("{FAE04EC0-301F-11D3-BF4B-00C04F79EFBC}") = "Unity.Build.Playmode.TestRunner", "Unity.Build.Playmode.TestRunner.csproj", "{ABC8B5FB-76D4-9435-E0F6-E17B4314AA3F}"
EndProject
Project("{FAE04EC0-301F-11D3-BF4B-00C04F79EFBC}") = "Unity.Mathematics.Editor", "Unity.Mathematics.Editor.csproj", "{4FFF4144-D24E-F553-7AC0-7D2EBD295985}"
EndProject
Project("{FAE04EC0-301F-11D3-BF4B-00C04F79EFBC}") = "Unity.InternalAPIEditorBridge.012", "Unity.InternalAPIEditorBridge.012.csproj", "{4B32038C-126A-F45A-8F9D-5E2E1D548783}"
EndProject
Project("{FAE04EC0-301F-11D3-BF4B-00C04F79EFBC}") = "UnityEditor.CacheServer", "UnityEditor.CacheServer.csproj", "{6C6799FC-0353-5B73-20DB-93A8CFA45D0F}"
EndProject
Project("{FAE04EC0-301F-11D3-BF4B-00C04F79EFBC}") = "Unity.Properties.Editor", "Unity.Properties.Editor.csproj", "{339BD4E8-68B1-1103-E634-ECE6935AAD44}"
EndProject
Project("{FAE04EC0-301F-11D3-BF4B-00C04F79EFBC}") = "Unity.Jobs.Editor", "Unity.Jobs.Editor.csproj", "{C43FC2BD-0E33-B206-59EA-56E966335F4E}"
EndProject
Project("{FAE04EC0-301F-11D3-BF4B-00C04F79EFBC}") = "Unity.Serialization.Editor", "Unity.Serialization.Editor.csproj", "{EB3ABCFC-3F7C-AD29-815F-CFA97B191B94}"
EndProject
Project("{FAE04EC0-301F-11D3-BF4B-00C04F79EFBC}") = "Unity.Build.Windows.DotsRuntime", "Unity.Build.Windows.DotsRuntime.csproj", "{8FA12EC3-382B-DFEA-BD79-410BBD671E6F}"
EndProject
Project("{FAE04EC0-301F-11D3-BF4B-00C04F79EFBC}") = "Unity.Sysroot.Linux_x86_64", "Unity.Sysroot.Linux_x86_64.csproj", "{E94A4FB0-5FE2-0106-97FF-44A1DE3A1BEF}"
EndProject
Project("{FAE04EC0-301F-11D3-BF4B-00C04F79EFBC}") = "Unity.Toolchain.Linux-x86_64", "Unity.Toolchain.Linux-x86_64.csproj", "{07D9814C-9B2F-7250-5D27-876F9DF2C816}"
EndProject
Project("{FAE04EC0-301F-11D3-BF4B-00C04F79EFBC}") = "Unity.Toolchain.Win-x86_64-Linux-x86_64", "Unity.Toolchain.Win-x86_64-Linux-x86_64.csproj", "{26AC7A6B-8C03-AB65-259C-DC246D98480A}"
EndProject
Global
	GlobalSection(SolutionConfigurationPlatforms) = preSolution
		Debug|Any CPU = Debug|Any CPU
		Release|Any CPU = Release|Any CPU
	EndGlobalSection
	GlobalSection(ProjectConfigurationPlatforms) = postSolution
		{80B8F237-B3B3-5DC2-DA38-5B91312380BE}.Debug|Any CPU.ActiveCfg = Debug|Any CPU
		{80B8F237-B3B3-5DC2-DA38-5B91312380BE}.Debug|Any CPU.Build.0 = Debug|Any CPU
		{80B8F237-B3B3-5DC2-DA38-5B91312380BE}.Release|Any CPU.ActiveCfg = Release|Any CPU
		{80B8F237-B3B3-5DC2-DA38-5B91312380BE}.Release|Any CPU.Build.0 = Release|Any CPU
		{DE44C57B-D89F-72E1-59B0-9C9825BB6E5E}.Debug|Any CPU.ActiveCfg = Debug|Any CPU
		{DE44C57B-D89F-72E1-59B0-9C9825BB6E5E}.Debug|Any CPU.Build.0 = Debug|Any CPU
		{DE44C57B-D89F-72E1-59B0-9C9825BB6E5E}.Release|Any CPU.ActiveCfg = Release|Any CPU
		{DE44C57B-D89F-72E1-59B0-9C9825BB6E5E}.Release|Any CPU.Build.0 = Release|Any CPU
		{F002D0E5-AE81-82D3-CB84-AE48C171C09D}.Debug|Any CPU.ActiveCfg = Debug|Any CPU
		{F002D0E5-AE81-82D3-CB84-AE48C171C09D}.Debug|Any CPU.Build.0 = Debug|Any CPU
		{F002D0E5-AE81-82D3-CB84-AE48C171C09D}.Release|Any CPU.ActiveCfg = Release|Any CPU
		{F002D0E5-AE81-82D3-CB84-AE48C171C09D}.Release|Any CPU.Build.0 = Release|Any CPU
		{4847FB6E-2B46-3119-8EF5-8417696A001E}.Debug|Any CPU.ActiveCfg = Debug|Any CPU
		{4847FB6E-2B46-3119-8EF5-8417696A001E}.Debug|Any CPU.Build.0 = Debug|Any CPU
		{4847FB6E-2B46-3119-8EF5-8417696A001E}.Release|Any CPU.ActiveCfg = Release|Any CPU
		{4847FB6E-2B46-3119-8EF5-8417696A001E}.Release|Any CPU.Build.0 = Release|Any CPU
		{01C038C0-9F89-3C03-E694-65D9793F3470}.Debug|Any CPU.ActiveCfg = Debug|Any CPU
		{01C038C0-9F89-3C03-E694-65D9793F3470}.Debug|Any CPU.Build.0 = Debug|Any CPU
		{01C038C0-9F89-3C03-E694-65D9793F3470}.Release|Any CPU.ActiveCfg = Release|Any CPU
		{01C038C0-9F89-3C03-E694-65D9793F3470}.Release|Any CPU.Build.0 = Release|Any CPU
		{B8F2B60C-6728-8683-6EB7-CB8DAA2B077F}.Debug|Any CPU.ActiveCfg = Debug|Any CPU
		{B8F2B60C-6728-8683-6EB7-CB8DAA2B077F}.Debug|Any CPU.Build.0 = Debug|Any CPU
		{B8F2B60C-6728-8683-6EB7-CB8DAA2B077F}.Release|Any CPU.ActiveCfg = Release|Any CPU
		{B8F2B60C-6728-8683-6EB7-CB8DAA2B077F}.Release|Any CPU.Build.0 = Release|Any CPU
		{865EF101-E7E9-0FAD-ED30-B0872ECDB48F}.Debug|Any CPU.ActiveCfg = Debug|Any CPU
		{865EF101-E7E9-0FAD-ED30-B0872ECDB48F}.Debug|Any CPU.Build.0 = Debug|Any CPU
		{865EF101-E7E9-0FAD-ED30-B0872ECDB48F}.Release|Any CPU.ActiveCfg = Release|Any CPU
		{865EF101-E7E9-0FAD-ED30-B0872ECDB48F}.Release|Any CPU.Build.0 = Release|Any CPU
		{F3957992-9AF7-267C-5A5E-3A6F1C1ECA2E}.Debug|Any CPU.ActiveCfg = Debug|Any CPU
		{F3957992-9AF7-267C-5A5E-3A6F1C1ECA2E}.Debug|Any CPU.Build.0 = Debug|Any CPU
		{F3957992-9AF7-267C-5A5E-3A6F1C1ECA2E}.Release|Any CPU.ActiveCfg = Release|Any CPU
		{F3957992-9AF7-267C-5A5E-3A6F1C1ECA2E}.Release|Any CPU.Build.0 = Release|Any CPU
		{6FC27257-F9E1-4B11-ACA3-A2AF9F9F1B5F}.Debug|Any CPU.ActiveCfg = Debug|Any CPU
		{6FC27257-F9E1-4B11-ACA3-A2AF9F9F1B5F}.Debug|Any CPU.Build.0 = Debug|Any CPU
		{6FC27257-F9E1-4B11-ACA3-A2AF9F9F1B5F}.Release|Any CPU.ActiveCfg = Release|Any CPU
		{6FC27257-F9E1-4B11-ACA3-A2AF9F9F1B5F}.Release|Any CPU.Build.0 = Release|Any CPU
		{903A2D51-4F25-6865-E340-F1C619B31342}.Debug|Any CPU.ActiveCfg = Debug|Any CPU
		{903A2D51-4F25-6865-E340-F1C619B31342}.Debug|Any CPU.Build.0 = Debug|Any CPU
		{903A2D51-4F25-6865-E340-F1C619B31342}.Release|Any CPU.ActiveCfg = Release|Any CPU
		{903A2D51-4F25-6865-E340-F1C619B31342}.Release|Any CPU.Build.0 = Release|Any CPU
		{80FA7381-CC0D-2838-77F8-F4AE39D9817C}.Debug|Any CPU.ActiveCfg = Debug|Any CPU
		{80FA7381-CC0D-2838-77F8-F4AE39D9817C}.Debug|Any CPU.Build.0 = Debug|Any CPU
		{80FA7381-CC0D-2838-77F8-F4AE39D9817C}.Release|Any CPU.ActiveCfg = Release|Any CPU
		{80FA7381-CC0D-2838-77F8-F4AE39D9817C}.Release|Any CPU.Build.0 = Release|Any CPU
		{6262ECC6-8F29-293B-8A4B-1CA6EE5CF113}.Debug|Any CPU.ActiveCfg = Debug|Any CPU
		{6262ECC6-8F29-293B-8A4B-1CA6EE5CF113}.Debug|Any CPU.Build.0 = Debug|Any CPU
		{6262ECC6-8F29-293B-8A4B-1CA6EE5CF113}.Release|Any CPU.ActiveCfg = Release|Any CPU
		{6262ECC6-8F29-293B-8A4B-1CA6EE5CF113}.Release|Any CPU.Build.0 = Release|Any CPU
		{57CEE3C2-026C-4E0E-B6D2-588111B5AE0D}.Debug|Any CPU.ActiveCfg = Debug|Any CPU
		{57CEE3C2-026C-4E0E-B6D2-588111B5AE0D}.Debug|Any CPU.Build.0 = Debug|Any CPU
		{57CEE3C2-026C-4E0E-B6D2-588111B5AE0D}.Release|Any CPU.ActiveCfg = Release|Any CPU
		{57CEE3C2-026C-4E0E-B6D2-588111B5AE0D}.Release|Any CPU.Build.0 = Release|Any CPU
		{95FA3468-A500-3B3F-3188-D9A868FF9732}.Debug|Any CPU.ActiveCfg = Debug|Any CPU
		{95FA3468-A500-3B3F-3188-D9A868FF9732}.Debug|Any CPU.Build.0 = Debug|Any CPU
		{95FA3468-A500-3B3F-3188-D9A868FF9732}.Release|Any CPU.ActiveCfg = Release|Any CPU
		{95FA3468-A500-3B3F-3188-D9A868FF9732}.Release|Any CPU.Build.0 = Release|Any CPU
		{81545D54-651E-1231-99CB-FE93CEB1D56E}.Debug|Any CPU.ActiveCfg = Debug|Any CPU
		{81545D54-651E-1231-99CB-FE93CEB1D56E}.Debug|Any CPU.Build.0 = Debug|Any CPU
		{81545D54-651E-1231-99CB-FE93CEB1D56E}.Release|Any CPU.ActiveCfg = Release|Any CPU
		{81545D54-651E-1231-99CB-FE93CEB1D56E}.Release|Any CPU.Build.0 = Release|Any CPU
		{D40345B3-1DBF-8816-5DA9-773EC3D30439}.Debug|Any CPU.ActiveCfg = Debug|Any CPU
		{D40345B3-1DBF-8816-5DA9-773EC3D30439}.Debug|Any CPU.Build.0 = Debug|Any CPU
		{D40345B3-1DBF-8816-5DA9-773EC3D30439}.Release|Any CPU.ActiveCfg = Release|Any CPU
		{D40345B3-1DBF-8816-5DA9-773EC3D30439}.Release|Any CPU.Build.0 = Release|Any CPU
		{FC156B25-CA3F-A417-D689-934860AF9F25}.Debug|Any CPU.ActiveCfg = Debug|Any CPU
		{FC156B25-CA3F-A417-D689-934860AF9F25}.Debug|Any CPU.Build.0 = Debug|Any CPU
		{FC156B25-CA3F-A417-D689-934860AF9F25}.Release|Any CPU.ActiveCfg = Release|Any CPU
		{FC156B25-CA3F-A417-D689-934860AF9F25}.Release|Any CPU.Build.0 = Release|Any CPU
		{49F94819-EDBA-05C2-01AF-F8F3E531D87A}.Debug|Any CPU.ActiveCfg = Debug|Any CPU
		{49F94819-EDBA-05C2-01AF-F8F3E531D87A}.Debug|Any CPU.Build.0 = Debug|Any CPU
		{49F94819-EDBA-05C2-01AF-F8F3E531D87A}.Release|Any CPU.ActiveCfg = Release|Any CPU
		{49F94819-EDBA-05C2-01AF-F8F3E531D87A}.Release|Any CPU.Build.0 = Release|Any CPU
		{E53E686B-14D8-AEF1-BEE2-CF5D2DDB525F}.Debug|Any CPU.ActiveCfg = Debug|Any CPU
		{E53E686B-14D8-AEF1-BEE2-CF5D2DDB525F}.Debug|Any CPU.Build.0 = Debug|Any CPU
		{E53E686B-14D8-AEF1-BEE2-CF5D2DDB525F}.Release|Any CPU.ActiveCfg = Release|Any CPU
		{E53E686B-14D8-AEF1-BEE2-CF5D2DDB525F}.Release|Any CPU.Build.0 = Release|Any CPU
		{A2662789-8146-C42D-FE78-6E84D4C5145C}.Debug|Any CPU.ActiveCfg = Debug|Any CPU
		{A2662789-8146-C42D-FE78-6E84D4C5145C}.Debug|Any CPU.Build.0 = Debug|Any CPU
		{A2662789-8146-C42D-FE78-6E84D4C5145C}.Release|Any CPU.ActiveCfg = Release|Any CPU
		{A2662789-8146-C42D-FE78-6E84D4C5145C}.Release|Any CPU.Build.0 = Release|Any CPU
		{1F4BC6E0-30B6-4AA2-3968-C5EB192DC4AE}.Debug|Any CPU.ActiveCfg = Debug|Any CPU
		{1F4BC6E0-30B6-4AA2-3968-C5EB192DC4AE}.Debug|Any CPU.Build.0 = Debug|Any CPU
		{1F4BC6E0-30B6-4AA2-3968-C5EB192DC4AE}.Release|Any CPU.ActiveCfg = Release|Any CPU
		{1F4BC6E0-30B6-4AA2-3968-C5EB192DC4AE}.Release|Any CPU.Build.0 = Release|Any CPU
		{331ABBF4-14F9-6236-1F34-4C3A1E7404A2}.Debug|Any CPU.ActiveCfg = Debug|Any CPU
		{331ABBF4-14F9-6236-1F34-4C3A1E7404A2}.Debug|Any CPU.Build.0 = Debug|Any CPU
		{331ABBF4-14F9-6236-1F34-4C3A1E7404A2}.Release|Any CPU.ActiveCfg = Release|Any CPU
		{331ABBF4-14F9-6236-1F34-4C3A1E7404A2}.Release|Any CPU.Build.0 = Release|Any CPU
		{0AD0D344-0268-FF87-F4E3-8062E482F22F}.Debug|Any CPU.ActiveCfg = Debug|Any CPU
		{0AD0D344-0268-FF87-F4E3-8062E482F22F}.Debug|Any CPU.Build.0 = Debug|Any CPU
		{0AD0D344-0268-FF87-F4E3-8062E482F22F}.Release|Any CPU.ActiveCfg = Release|Any CPU
		{0AD0D344-0268-FF87-F4E3-8062E482F22F}.Release|Any CPU.Build.0 = Release|Any CPU
		{7469BFED-2EBF-7C90-41BD-53C6B08657D4}.Debug|Any CPU.ActiveCfg = Debug|Any CPU
		{7469BFED-2EBF-7C90-41BD-53C6B08657D4}.Debug|Any CPU.Build.0 = Debug|Any CPU
		{7469BFED-2EBF-7C90-41BD-53C6B08657D4}.Release|Any CPU.ActiveCfg = Release|Any CPU
		{7469BFED-2EBF-7C90-41BD-53C6B08657D4}.Release|Any CPU.Build.0 = Release|Any CPU
		{9ABE12FE-22A3-45F9-76E9-B4BD978C6979}.Debug|Any CPU.ActiveCfg = Debug|Any CPU
		{9ABE12FE-22A3-45F9-76E9-B4BD978C6979}.Debug|Any CPU.Build.0 = Debug|Any CPU
		{9ABE12FE-22A3-45F9-76E9-B4BD978C6979}.Release|Any CPU.ActiveCfg = Release|Any CPU
		{9ABE12FE-22A3-45F9-76E9-B4BD978C6979}.Release|Any CPU.Build.0 = Release|Any CPU
		{7A04B1B3-BCE3-4D18-74FA-3B4DDE613501}.Debug|Any CPU.ActiveCfg = Debug|Any CPU
		{7A04B1B3-BCE3-4D18-74FA-3B4DDE613501}.Debug|Any CPU.Build.0 = Debug|Any CPU
		{7A04B1B3-BCE3-4D18-74FA-3B4DDE613501}.Release|Any CPU.ActiveCfg = Release|Any CPU
		{7A04B1B3-BCE3-4D18-74FA-3B4DDE613501}.Release|Any CPU.Build.0 = Release|Any CPU
		{7968F775-6CD3-4162-9E05-306ED95235EC}.Debug|Any CPU.ActiveCfg = Debug|Any CPU
		{7968F775-6CD3-4162-9E05-306ED95235EC}.Debug|Any CPU.Build.0 = Debug|Any CPU
		{7968F775-6CD3-4162-9E05-306ED95235EC}.Release|Any CPU.ActiveCfg = Release|Any CPU
		{7968F775-6CD3-4162-9E05-306ED95235EC}.Release|Any CPU.Build.0 = Release|Any CPU
		{35F5E811-E1BC-18B1-BEDE-700195A49B29}.Debug|Any CPU.ActiveCfg = Debug|Any CPU
		{35F5E811-E1BC-18B1-BEDE-700195A49B29}.Debug|Any CPU.Build.0 = Debug|Any CPU
		{35F5E811-E1BC-18B1-BEDE-700195A49B29}.Release|Any CPU.ActiveCfg = Release|Any CPU
		{35F5E811-E1BC-18B1-BEDE-700195A49B29}.Release|Any CPU.Build.0 = Release|Any CPU
		{EBBA98CD-6F77-93D5-BD2E-BD77311867D5}.Debug|Any CPU.ActiveCfg = Debug|Any CPU
		{EBBA98CD-6F77-93D5-BD2E-BD77311867D5}.Debug|Any CPU.Build.0 = Debug|Any CPU
		{EBBA98CD-6F77-93D5-BD2E-BD77311867D5}.Release|Any CPU.ActiveCfg = Release|Any CPU
		{EBBA98CD-6F77-93D5-BD2E-BD77311867D5}.Release|Any CPU.Build.0 = Release|Any CPU
		{82A385D4-CE43-7046-2E8C-F19661589603}.Debug|Any CPU.ActiveCfg = Debug|Any CPU
		{82A385D4-CE43-7046-2E8C-F19661589603}.Debug|Any CPU.Build.0 = Debug|Any CPU
		{82A385D4-CE43-7046-2E8C-F19661589603}.Release|Any CPU.ActiveCfg = Release|Any CPU
		{82A385D4-CE43-7046-2E8C-F19661589603}.Release|Any CPU.Build.0 = Release|Any CPU
		{60D48D16-F848-F066-0155-D87F390C4060}.Debug|Any CPU.ActiveCfg = Debug|Any CPU
		{60D48D16-F848-F066-0155-D87F390C4060}.Debug|Any CPU.Build.0 = Debug|Any CPU
		{60D48D16-F848-F066-0155-D87F390C4060}.Release|Any CPU.ActiveCfg = Release|Any CPU
		{60D48D16-F848-F066-0155-D87F390C4060}.Release|Any CPU.Build.0 = Release|Any CPU
		{22E226D1-70DE-4882-DEFC-926BF7F6921A}.Debug|Any CPU.ActiveCfg = Debug|Any CPU
		{22E226D1-70DE-4882-DEFC-926BF7F6921A}.Debug|Any CPU.Build.0 = Debug|Any CPU
		{22E226D1-70DE-4882-DEFC-926BF7F6921A}.Release|Any CPU.ActiveCfg = Release|Any CPU
		{22E226D1-70DE-4882-DEFC-926BF7F6921A}.Release|Any CPU.Build.0 = Release|Any CPU
		{CE9308CD-D6CD-F735-F681-59A8ED708A8D}.Debug|Any CPU.ActiveCfg = Debug|Any CPU
		{CE9308CD-D6CD-F735-F681-59A8ED708A8D}.Debug|Any CPU.Build.0 = Debug|Any CPU
		{CE9308CD-D6CD-F735-F681-59A8ED708A8D}.Release|Any CPU.ActiveCfg = Release|Any CPU
		{CE9308CD-D6CD-F735-F681-59A8ED708A8D}.Release|Any CPU.Build.0 = Release|Any CPU
		{6ABE0EF9-7269-C6E5-9122-8741AF7B6828}.Debug|Any CPU.ActiveCfg = Debug|Any CPU
		{6ABE0EF9-7269-C6E5-9122-8741AF7B6828}.Debug|Any CPU.Build.0 = Debug|Any CPU
		{6ABE0EF9-7269-C6E5-9122-8741AF7B6828}.Release|Any CPU.ActiveCfg = Release|Any CPU
		{6ABE0EF9-7269-C6E5-9122-8741AF7B6828}.Release|Any CPU.Build.0 = Release|Any CPU
		{0ED0C790-6C6D-459D-BC56-E9101E3CDDC1}.Debug|Any CPU.ActiveCfg = Debug|Any CPU
		{0ED0C790-6C6D-459D-BC56-E9101E3CDDC1}.Debug|Any CPU.Build.0 = Debug|Any CPU
		{0ED0C790-6C6D-459D-BC56-E9101E3CDDC1}.Release|Any CPU.ActiveCfg = Release|Any CPU
		{0ED0C790-6C6D-459D-BC56-E9101E3CDDC1}.Release|Any CPU.Build.0 = Release|Any CPU
		{77AC729A-547B-7897-3ED1-400EB0CAD3A0}.Debug|Any CPU.ActiveCfg = Debug|Any CPU
		{77AC729A-547B-7897-3ED1-400EB0CAD3A0}.Debug|Any CPU.Build.0 = Debug|Any CPU
		{77AC729A-547B-7897-3ED1-400EB0CAD3A0}.Release|Any CPU.ActiveCfg = Release|Any CPU
		{77AC729A-547B-7897-3ED1-400EB0CAD3A0}.Release|Any CPU.Build.0 = Release|Any CPU
		{AFF00F53-43AB-2F97-6AA6-781FE5221267}.Debug|Any CPU.ActiveCfg = Debug|Any CPU
		{AFF00F53-43AB-2F97-6AA6-781FE5221267}.Debug|Any CPU.Build.0 = Debug|Any CPU
		{AFF00F53-43AB-2F97-6AA6-781FE5221267}.Release|Any CPU.ActiveCfg = Release|Any CPU
		{AFF00F53-43AB-2F97-6AA6-781FE5221267}.Release|Any CPU.Build.0 = Release|Any CPU
		{AD5F83B1-A948-1DF7-F515-CA26EF0B44E3}.Debug|Any CPU.ActiveCfg = Debug|Any CPU
		{AD5F83B1-A948-1DF7-F515-CA26EF0B44E3}.Debug|Any CPU.Build.0 = Debug|Any CPU
		{AD5F83B1-A948-1DF7-F515-CA26EF0B44E3}.Release|Any CPU.ActiveCfg = Release|Any CPU
		{AD5F83B1-A948-1DF7-F515-CA26EF0B44E3}.Release|Any CPU.Build.0 = Release|Any CPU
		{C02D650C-C596-E99E-E257-A3B1F9B8C012}.Debug|Any CPU.ActiveCfg = Debug|Any CPU
		{C02D650C-C596-E99E-E257-A3B1F9B8C012}.Debug|Any CPU.Build.0 = Debug|Any CPU
		{C02D650C-C596-E99E-E257-A3B1F9B8C012}.Release|Any CPU.ActiveCfg = Release|Any CPU
		{C02D650C-C596-E99E-E257-A3B1F9B8C012}.Release|Any CPU.Build.0 = Release|Any CPU
		{EB9F3866-D48E-2C73-4BCC-C0C6998096CB}.Debug|Any CPU.ActiveCfg = Debug|Any CPU
		{EB9F3866-D48E-2C73-4BCC-C0C6998096CB}.Debug|Any CPU.Build.0 = Debug|Any CPU
		{EB9F3866-D48E-2C73-4BCC-C0C6998096CB}.Release|Any CPU.ActiveCfg = Release|Any CPU
		{EB9F3866-D48E-2C73-4BCC-C0C6998096CB}.Release|Any CPU.Build.0 = Release|Any CPU
		{2EAD2E6D-E446-B02D-BC11-41AFD812BA56}.Debug|Any CPU.ActiveCfg = Debug|Any CPU
		{2EAD2E6D-E446-B02D-BC11-41AFD812BA56}.Debug|Any CPU.Build.0 = Debug|Any CPU
		{2EAD2E6D-E446-B02D-BC11-41AFD812BA56}.Release|Any CPU.ActiveCfg = Release|Any CPU
		{2EAD2E6D-E446-B02D-BC11-41AFD812BA56}.Release|Any CPU.Build.0 = Release|Any CPU
		{DA2472E1-BF8B-0865-CC09-91229535C804}.Debug|Any CPU.ActiveCfg = Debug|Any CPU
		{DA2472E1-BF8B-0865-CC09-91229535C804}.Debug|Any CPU.Build.0 = Debug|Any CPU
		{DA2472E1-BF8B-0865-CC09-91229535C804}.Release|Any CPU.ActiveCfg = Release|Any CPU
		{DA2472E1-BF8B-0865-CC09-91229535C804}.Release|Any CPU.Build.0 = Release|Any CPU
		{D6FC87A6-7A23-5A33-8E85-116DF3B8A6FB}.Debug|Any CPU.ActiveCfg = Debug|Any CPU
		{D6FC87A6-7A23-5A33-8E85-116DF3B8A6FB}.Debug|Any CPU.Build.0 = Debug|Any CPU
		{D6FC87A6-7A23-5A33-8E85-116DF3B8A6FB}.Release|Any CPU.ActiveCfg = Release|Any CPU
		{D6FC87A6-7A23-5A33-8E85-116DF3B8A6FB}.Release|Any CPU.Build.0 = Release|Any CPU
		{E28F1EDC-A4A0-1F16-18CC-D9F1F2B28C87}.Debug|Any CPU.ActiveCfg = Debug|Any CPU
		{E28F1EDC-A4A0-1F16-18CC-D9F1F2B28C87}.Debug|Any CPU.Build.0 = Debug|Any CPU
		{E28F1EDC-A4A0-1F16-18CC-D9F1F2B28C87}.Release|Any CPU.ActiveCfg = Release|Any CPU
		{E28F1EDC-A4A0-1F16-18CC-D9F1F2B28C87}.Release|Any CPU.Build.0 = Release|Any CPU
		{DB1B4D75-DE56-6B7B-E30B-DCBEA0D98A18}.Debug|Any CPU.ActiveCfg = Debug|Any CPU
		{DB1B4D75-DE56-6B7B-E30B-DCBEA0D98A18}.Debug|Any CPU.Build.0 = Debug|Any CPU
		{DB1B4D75-DE56-6B7B-E30B-DCBEA0D98A18}.Release|Any CPU.ActiveCfg = Release|Any CPU
		{DB1B4D75-DE56-6B7B-E30B-DCBEA0D98A18}.Release|Any CPU.Build.0 = Release|Any CPU
		{ABC8B5FB-76D4-9435-E0F6-E17B4314AA3F}.Debug|Any CPU.ActiveCfg = Debug|Any CPU
		{ABC8B5FB-76D4-9435-E0F6-E17B4314AA3F}.Debug|Any CPU.Build.0 = Debug|Any CPU
		{ABC8B5FB-76D4-9435-E0F6-E17B4314AA3F}.Release|Any CPU.ActiveCfg = Release|Any CPU
		{ABC8B5FB-76D4-9435-E0F6-E17B4314AA3F}.Release|Any CPU.Build.0 = Release|Any CPU
		{4FFF4144-D24E-F553-7AC0-7D2EBD295985}.Debug|Any CPU.ActiveCfg = Debug|Any CPU
		{4FFF4144-D24E-F553-7AC0-7D2EBD295985}.Debug|Any CPU.Build.0 = Debug|Any CPU
		{4FFF4144-D24E-F553-7AC0-7D2EBD295985}.Release|Any CPU.ActiveCfg = Release|Any CPU
		{4FFF4144-D24E-F553-7AC0-7D2EBD295985}.Release|Any CPU.Build.0 = Release|Any CPU
		{4B32038C-126A-F45A-8F9D-5E2E1D548783}.Debug|Any CPU.ActiveCfg = Debug|Any CPU
		{4B32038C-126A-F45A-8F9D-5E2E1D548783}.Debug|Any CPU.Build.0 = Debug|Any CPU
		{4B32038C-126A-F45A-8F9D-5E2E1D548783}.Release|Any CPU.ActiveCfg = Release|Any CPU
		{4B32038C-126A-F45A-8F9D-5E2E1D548783}.Release|Any CPU.Build.0 = Release|Any CPU
		{6C6799FC-0353-5B73-20DB-93A8CFA45D0F}.Debug|Any CPU.ActiveCfg = Debug|Any CPU
		{6C6799FC-0353-5B73-20DB-93A8CFA45D0F}.Debug|Any CPU.Build.0 = Debug|Any CPU
		{6C6799FC-0353-5B73-20DB-93A8CFA45D0F}.Release|Any CPU.ActiveCfg = Release|Any CPU
		{6C6799FC-0353-5B73-20DB-93A8CFA45D0F}.Release|Any CPU.Build.0 = Release|Any CPU
		{339BD4E8-68B1-1103-E634-ECE6935AAD44}.Debug|Any CPU.ActiveCfg = Debug|Any CPU
		{339BD4E8-68B1-1103-E634-ECE6935AAD44}.Debug|Any CPU.Build.0 = Debug|Any CPU
		{339BD4E8-68B1-1103-E634-ECE6935AAD44}.Release|Any CPU.ActiveCfg = Release|Any CPU
		{339BD4E8-68B1-1103-E634-ECE6935AAD44}.Release|Any CPU.Build.0 = Release|Any CPU
		{C43FC2BD-0E33-B206-59EA-56E966335F4E}.Debug|Any CPU.ActiveCfg = Debug|Any CPU
		{C43FC2BD-0E33-B206-59EA-56E966335F4E}.Debug|Any CPU.Build.0 = Debug|Any CPU
		{C43FC2BD-0E33-B206-59EA-56E966335F4E}.Release|Any CPU.ActiveCfg = Release|Any CPU
		{C43FC2BD-0E33-B206-59EA-56E966335F4E}.Release|Any CPU.Build.0 = Release|Any CPU
		{EB3ABCFC-3F7C-AD29-815F-CFA97B191B94}.Debug|Any CPU.ActiveCfg = Debug|Any CPU
		{EB3ABCFC-3F7C-AD29-815F-CFA97B191B94}.Debug|Any CPU.Build.0 = Debug|Any CPU
		{EB3ABCFC-3F7C-AD29-815F-CFA97B191B94}.Release|Any CPU.ActiveCfg = Release|Any CPU
		{EB3ABCFC-3F7C-AD29-815F-CFA97B191B94}.Release|Any CPU.Build.0 = Release|Any CPU
		{8FA12EC3-382B-DFEA-BD79-410BBD671E6F}.Debug|Any CPU.ActiveCfg = Debug|Any CPU
		{8FA12EC3-382B-DFEA-BD79-410BBD671E6F}.Debug|Any CPU.Build.0 = Debug|Any CPU
		{8FA12EC3-382B-DFEA-BD79-410BBD671E6F}.Release|Any CPU.ActiveCfg = Release|Any CPU
		{8FA12EC3-382B-DFEA-BD79-410BBD671E6F}.Release|Any CPU.Build.0 = Release|Any CPU
		{E94A4FB0-5FE2-0106-97FF-44A1DE3A1BEF}.Debug|Any CPU.ActiveCfg = Debug|Any CPU
		{E94A4FB0-5FE2-0106-97FF-44A1DE3A1BEF}.Debug|Any CPU.Build.0 = Debug|Any CPU
		{E94A4FB0-5FE2-0106-97FF-44A1DE3A1BEF}.Release|Any CPU.ActiveCfg = Release|Any CPU
		{E94A4FB0-5FE2-0106-97FF-44A1DE3A1BEF}.Release|Any CPU.Build.0 = Release|Any CPU
		{07D9814C-9B2F-7250-5D27-876F9DF2C816}.Debug|Any CPU.ActiveCfg = Debug|Any CPU
		{07D9814C-9B2F-7250-5D27-876F9DF2C816}.Debug|Any CPU.Build.0 = Debug|Any CPU
		{07D9814C-9B2F-7250-5D27-876F9DF2C816}.Release|Any CPU.ActiveCfg = Release|Any CPU
		{07D9814C-9B2F-7250-5D27-876F9DF2C816}.Release|Any CPU.Build.0 = Release|Any CPU
		{26AC7A6B-8C03-AB65-259C-DC246D98480A}.Debug|Any CPU.ActiveCfg = Debug|Any CPU
		{26AC7A6B-8C03-AB65-259C-DC246D98480A}.Debug|Any CPU.Build.0 = Debug|Any CPU
		{26AC7A6B-8C03-AB65-259C-DC246D98480A}.Release|Any CPU.ActiveCfg = Release|Any CPU
		{26AC7A6B-8C03-AB65-259C-DC246D98480A}.Release|Any CPU.Build.0 = Release|Any CPU
	EndGlobalSection
	GlobalSection(SolutionProperties) = preSolution
		HideSolutionNode = FALSE
	EndGlobalSection
EndGlobal
